
Microsoft Visual Studio Solution File, Format Version 12.00
# Visual Studio 2013
VisualStudioVersion = 12.0.31101.0
MinimumVisualStudioVersion = 10.0.40219.1
Project("{FAE04EC0-301F-11D3-BF4B-00C04F79EFBC}") = "AntAICompetition", "AntAICompetition\AntAICompetition.csproj", "{6E107DF1-EE82-4D2C-9985-5435891DF09D}"
EndProject
Project("{FAE04EC0-301F-11D3-BF4B-00C04F79EFBC}") = "SampleAgent", "SampleAgent\SampleAgent.csproj", "{F6611542-B084-45E3-AB22-43986ACCAF52}"
EndProject
Project("{2150E333-8FDC-42A3-9474-1A3956D46DE8}") = ".nuget", ".nuget", "{304BBCF3-5540-4554-9396-F26A7DEB492F}"
	ProjectSection(SolutionItems) = preProject
		.nuget\packages.config = .nuget\packages.config
	EndProjectSection
EndProject
Project("{9092AA53-FB77-4645-B42D-1CCCA6BD08BD}") = "NodeAgent", "NodeAgent\NodeAgent.njsproj", "{CAD8E920-A773-4020-9496-AFF56D9C2A7C}"
EndProject
Project("{FAE04EC0-301F-11D3-BF4B-00C04F79EFBC}") = "AntAICompetition.Tests", "AntAICompetition.Tests\AntAICompetition.Tests.csproj", "{3500A2A6-D308-4ADA-B678-FCDF546FB1CC}"
EndProject
Global
	GlobalSection(SolutionConfigurationPlatforms) = preSolution
		Debug|Any CPU = Debug|Any CPU
		Release|Any CPU = Release|Any CPU
	EndGlobalSection
	GlobalSection(ProjectConfigurationPlatforms) = postSolution
		{6E107DF1-EE82-4D2C-9985-5435891DF09D}.Debug|Any CPU.ActiveCfg = Debug|Any CPU
		{6E107DF1-EE82-4D2C-9985-5435891DF09D}.Debug|Any CPU.Build.0 = Debug|Any CPU
		{6E107DF1-EE82-4D2C-9985-5435891DF09D}.Release|Any CPU.ActiveCfg = Release|Any CPU
		{6E107DF1-EE82-4D2C-9985-5435891DF09D}.Release|Any CPU.Build.0 = Release|Any CPU
		{F6611542-B084-45E3-AB22-43986ACCAF52}.Debug|Any CPU.ActiveCfg = Debug|Any CPU
		{F6611542-B084-45E3-AB22-43986ACCAF52}.Debug|Any CPU.Build.0 = Debug|Any CPU
		{F6611542-B084-45E3-AB22-43986ACCAF52}.Release|Any CPU.ActiveCfg = Release|Any CPU
		{F6611542-B084-45E3-AB22-43986ACCAF52}.Release|Any CPU.Build.0 = Release|Any CPU
		{CAD8E920-A773-4020-9496-AFF56D9C2A7C}.Debug|Any CPU.ActiveCfg = Debug|Any CPU
		{CAD8E920-A773-4020-9496-AFF56D9C2A7C}.Debug|Any CPU.Build.0 = Debug|Any CPU
		{CAD8E920-A773-4020-9496-AFF56D9C2A7C}.Release|Any CPU.ActiveCfg = Release|Any CPU
		{CAD8E920-A773-4020-9496-AFF56D9C2A7C}.Release|Any CPU.Build.0 = Release|Any CPU
		{3500A2A6-D308-4ADA-B678-FCDF546FB1CC}.Debug|Any CPU.ActiveCfg = Debug|Any CPU
		{3500A2A6-D308-4ADA-B678-FCDF546FB1CC}.Debug|Any CPU.Build.0 = Debug|Any CPU
		{3500A2A6-D308-4ADA-B678-FCDF546FB1CC}.Release|Any CPU.ActiveCfg = Release|Any CPU
		{3500A2A6-D308-4ADA-B678-FCDF546FB1CC}.Release|Any CPU.Build.0 = Release|Any CPU
	EndGlobalSection
	GlobalSection(SolutionProperties) = preSolution
		HideSolutionNode = FALSE
	EndGlobalSection
EndGlobal
